// !$*UTF8*$!
{
	archiveVersion = 1;
	classes = {
	};
	objectVersion = 50;
	objects = {

/* Begin PBXBuildFile section */
		CB91DD16262ADAE90062519C /* AppDelegate.swift in Sources */ = {isa = PBXBuildFile; fileRef = CB91DD15262ADAE90062519C /* AppDelegate.swift */; };
		CB91DD18262ADAE90062519C /* SceneDelegate.swift in Sources */ = {isa = PBXBuildFile; fileRef = CB91DD17262ADAE90062519C /* SceneDelegate.swift */; };
		CB91DD1A262ADAE90062519C /* ViewController.swift in Sources */ = {isa = PBXBuildFile; fileRef = CB91DD19262ADAE90062519C /* ViewController.swift */; };
		CB91DD1D262ADAE90062519C /* Main.storyboard in Resources */ = {isa = PBXBuildFile; fileRef = CB91DD1B262ADAE90062519C /* Main.storyboard */; };
		CB91DD1F262ADAEA0062519C /* Assets.xcassets in Resources */ = {isa = PBXBuildFile; fileRef = CB91DD1E262ADAEA0062519C /* Assets.xcassets */; };
		CB91DD22262ADAEA0062519C /* LaunchScreen.storyboard in Resources */ = {isa = PBXBuildFile; fileRef = CB91DD20262ADAEA0062519C /* LaunchScreen.storyboard */; };
		CB91DD32262ADCC40062519C /* Book.swift in Sources */ = {isa = PBXBuildFile; fileRef = CB91DD31262ADCC40062519C /* Book.swift */; };
		CB91DD35262AE0810062519C /* Library.swift in Sources */ = {isa = PBXBuildFile; fileRef = CB91DD34262AE0810062519C /* Library.swift */; };
		CB91DD38262AE51F0062519C /* DetailsViewController.swift in Sources */ = {isa = PBXBuildFile; fileRef = CB91DD37262AE51F0062519C /* DetailsViewController.swift */; };
		CB91DD3C262AF5720062519C /* BookCell.swift in Sources */ = {isa = PBXBuildFile; fileRef = CB91DD3B262AF5720062519C /* BookCell.swift */; };
/* End PBXBuildFile section */

/* Begin PBXFileReference section */
		CB91DD12262ADAE90062519C /* TableViews.app */ = {isa = PBXFileReference; explicitFileType = wrapper.application; includeInIndex = 0; path = TableViews.app; sourceTree = BUILT_PRODUCTS_DIR; };
		CB91DD15262ADAE90062519C /* AppDelegate.swift */ = {isa = PBXFileReference; lastKnownFileType = sourcecode.swift; path = AppDelegate.swift; sourceTree = "<group>"; };
		CB91DD17262ADAE90062519C /* SceneDelegate.swift */ = {isa = PBXFileReference; lastKnownFileType = sourcecode.swift; path = SceneDelegate.swift; sourceTree = "<group>"; };
		CB91DD19262ADAE90062519C /* ViewController.swift */ = {isa = PBXFileReference; lastKnownFileType = sourcecode.swift; path = ViewController.swift; sourceTree = "<group>"; };
		CB91DD1C262ADAE90062519C /* Base */ = {isa = PBXFileReference; lastKnownFileType = file.storyboard; name = Base; path = Base.lproj/Main.storyboard; sourceTree = "<group>"; };
		CB91DD1E262ADAEA0062519C /* Assets.xcassets */ = {isa = PBXFileReference; lastKnownFileType = folder.assetcatalog; path = Assets.xcassets; sourceTree = "<group>"; };
		CB91DD21262ADAEA0062519C /* Base */ = {isa = PBXFileReference; lastKnownFileType = file.storyboard; name = Base; path = Base.lproj/LaunchScreen.storyboard; sourceTree = "<group>"; };
		CB91DD23262ADAEA0062519C /* Info.plist */ = {isa = PBXFileReference; lastKnownFileType = text.plist.xml; path = Info.plist; sourceTree = "<group>"; };
		CB91DD31262ADCC40062519C /* Book.swift */ = {isa = PBXFileReference; lastKnownFileType = sourcecode.swift; path = Book.swift; sourceTree = "<group>"; };
		CB91DD34262AE0810062519C /* Library.swift */ = {isa = PBXFileReference; lastKnownFileType = sourcecode.swift; path = Library.swift; sourceTree = "<group>"; };
		CB91DD37262AE51F0062519C /* DetailsViewController.swift */ = {isa = PBXFileReference; lastKnownFileType = sourcecode.swift; path = DetailsViewController.swift; sourceTree = "<group>"; };
		CB91DD3B262AF5720062519C /* BookCell.swift */ = {isa = PBXFileReference; lastKnownFileType = sourcecode.swift; path = BookCell.swift; sourceTree = "<group>"; };
/* End PBXFileReference section */

/* Begin PBXFrameworksBuildPhase section */
		CB91DD0F262ADAE90062519C /* Frameworks */ = {
			isa = PBXFrameworksBuildPhase;
			buildActionMask = 2147483647;
			files = (
			);
			runOnlyForDeploymentPostprocessing = 0;
		};
/* End PBXFrameworksBuildPhase section */

/* Begin PBXGroup section */
		CB91DD09262ADAE90062519C = {
			isa = PBXGroup;
			children = (
				CB91DD14262ADAE90062519C /* TableViews */,
				CB91DD13262ADAE90062519C /* Products */,
			);
			sourceTree = "<group>";
		};
		CB91DD13262ADAE90062519C /* Products */ = {
			isa = PBXGroup;
			children = (
				CB91DD12262ADAE90062519C /* TableViews.app */,
			);
			name = Products;
			sourceTree = "<group>";
		};
		CB91DD14262ADAE90062519C /* TableViews */ = {
			isa = PBXGroup;
			children = (
				CB91DD3A262AF55A0062519C /* CustomViews */,
				CB91DD2C262ADC780062519C /* Model */,
				CB91DD2B262ADC590062519C /* General */,
				CB91DD2A262ADC450062519C /* Controllers */,
				CB91DD1B262ADAE90062519C /* Main.storyboard */,
				CB91DD20262ADAEA0062519C /* LaunchScreen.storyboard */,
				CB91DD23262ADAEA0062519C /* Info.plist */,
			);
			path = TableViews;
			sourceTree = "<group>";
		};
		CB91DD2A262ADC450062519C /* Controllers */ = {
			isa = PBXGroup;
			children = (
				CB91DD19262ADAE90062519C /* ViewController.swift */,
				CB91DD37262AE51F0062519C /* DetailsViewController.swift */,
			);
			path = Controllers;
			sourceTree = "<group>";
		};
		CB91DD2B262ADC590062519C /* General */ = {
			isa = PBXGroup;
			children = (
				CB91DD1E262ADAEA0062519C /* Assets.xcassets */,
				CB91DD17262ADAE90062519C /* SceneDelegate.swift */,
				CB91DD15262ADAE90062519C /* AppDelegate.swift */,
			);
			path = General;
			sourceTree = "<group>";
		};
		CB91DD2C262ADC780062519C /* Model */ = {
			isa = PBXGroup;
			children = (
				CB91DD31262ADCC40062519C /* Book.swift */,
				CB91DD34262AE0810062519C /* Library.swift */,
			);
			path = Model;
			sourceTree = "<group>";
		};
		CB91DD3A262AF55A0062519C /* CustomViews */ = {
			isa = PBXGroup;
			children = (
				CB91DD3B262AF5720062519C /* BookCell.swift */,
			);
			path = CustomViews;
			sourceTree = "<group>";
		};
/* End PBXGroup section */

/* Begin PBXNativeTarget section */
		CB91DD11262ADAE90062519C /* TableViews */ = {
			isa = PBXNativeTarget;
			buildConfigurationList = CB91DD26262ADAEA0062519C /* Build configuration list for PBXNativeTarget "TableViews" */;
			buildPhases = (
				CB91DD0E262ADAE90062519C /* Sources */,
				CB91DD0F262ADAE90062519C /* Frameworks */,
				CB91DD10262ADAE90062519C /* Resources */,
			);
			buildRules = (
			);
			dependencies = (
			);
			name = TableViews;
			productName = TableViews;
			productReference = CB91DD12262ADAE90062519C /* TableViews.app */;
			productType = "com.apple.product-type.application";
		};
/* End PBXNativeTarget section */

/* Begin PBXProject section */
		CB91DD0A262ADAE90062519C /* Project object */ = {
			isa = PBXProject;
			attributes = {
				LastSwiftUpdateCheck = 1240;
				LastUpgradeCheck = 1240;
				TargetAttributes = {
					CB91DD11262ADAE90062519C = {
						CreatedOnToolsVersion = 12.4;
					};
				};
			};
			buildConfigurationList = CB91DD0D262ADAE90062519C /* Build configuration list for PBXProject "TableViews" */;
			compatibilityVersion = "Xcode 9.3";
			developmentRegion = en;
			hasScannedForEncodings = 0;
			knownRegions = (
				en,
				Base,
			);
			mainGroup = CB91DD09262ADAE90062519C;
			productRefGroup = CB91DD13262ADAE90062519C /* Products */;
			projectDirPath = "";
			projectRoot = "";
			targets = (
				CB91DD11262ADAE90062519C /* TableViews */,
			);
		};
/* End PBXProject section */

/* Begin PBXResourcesBuildPhase section */
		CB91DD10262ADAE90062519C /* Resources */ = {
			isa = PBXResourcesBuildPhase;
			buildActionMask = 2147483647;
			files = (
				CB91DD22262ADAEA0062519C /* LaunchScreen.storyboard in Resources */,
				CB91DD1F262ADAEA0062519C /* Assets.xcassets in Resources */,
				CB91DD1D262ADAE90062519C /* Main.storyboard in Resources */,
			);
			runOnlyForDeploymentPostprocessing = 0;
		};
/* End PBXResourcesBuildPhase section */

/* Begin PBXSourcesBuildPhase section */
		CB91DD0E262ADAE90062519C /* Sources */ = {
			isa = PBXSourcesBuildPhase;
			buildActionMask = 2147483647;
			files = (
				CB91DD32262ADCC40062519C /* Book.swift in Sources */,
				CB91DD1A262ADAE90062519C /* ViewController.swift in Sources */,
				CB91DD35262AE0810062519C /* Library.swift in Sources */,
				CB91DD3C262AF5720062519C /* BookCell.swift in Sources */,
				CB91DD16262ADAE90062519C /* AppDelegate.swift in Sources */,
				CB91DD18262ADAE90062519C /* SceneDelegate.swift in Sources */,
				CB91DD38262AE51F0062519C /* DetailsViewController.swift in Sources */,
			);
			runOnlyForDeploymentPostprocessing = 0;
		};
/* End PBXSourcesBuildPhase section */

/* Begin PBXVariantGroup section */
		CB91DD1B262ADAE90062519C /* Main.storyboard */ = {
			isa = PBXVariantGroup;
			children = (
				CB91DD1C262ADAE90062519C /* Base */,
			);
			name = Main.storyboard;
			sourceTree = "<group>";
		};
		CB91DD20262ADAEA0062519C /* LaunchScreen.storyboard */ = {
			isa = PBXVariantGroup;
			children = (
				CB91DD21262ADAEA0062519C /* Base */,
			);
			name = LaunchScreen.storyboard;
			sourceTree = "<group>";
		};
/* End PBXVariantGroup section */

/* Begin XCBuildConfiguration section */
		CB91DD24262ADAEA0062519C /* Debug */ = {
			isa = XCBuildConfiguration;
			buildSettings = {
				ALWAYS_SEARCH_USER_PATHS = NO;
				CLANG_ANALYZER_NONNULL = YES;
				CLANG_ANALYZER_NUMBER_OBJECT_CONVERSION = YES_AGGRESSIVE;
				CLANG_CXX_LANGUAGE_STANDARD = "gnu++14";
				CLANG_CXX_LIBRARY = "libc++";
				CLANG_ENABLE_MODULES = YES;
				CLANG_ENABLE_OBJC_ARC = YES;
				CLANG_ENABLE_OBJC_WEAK = YES;
				CLANG_WARN_BLOCK_CAPTURE_AUTORELEASING = YES;
				CLANG_WARN_BOOL_CONVERSION = YES;
				CLANG_WARN_COMMA = YES;
				CLANG_WARN_CONSTANT_CONVERSION = YES;
				CLANG_WARN_DEPRECATED_OBJC_IMPLEMENTATIONS = YES;
				CLANG_WARN_DIRECT_OBJC_ISA_USAGE = YES_ERROR;
				CLANG_WARN_DOCUMENTATION_COMMENTS = YES;
				CLANG_WARN_EMPTY_BODY = YES;
				CLANG_WARN_ENUM_CONVERSION = YES;
				CLANG_WARN_INFINITE_RECURSION = YES;
				CLANG_WARN_INT_CONVERSION = YES;
				CLANG_WARN_NON_LITERAL_NULL_CONVERSION = YES;
				CLANG_WARN_OBJC_IMPLICIT_RETAIN_SELF = YES;
				CLANG_WARN_OBJC_LITERAL_CONVERSION = YES;
				CLANG_WARN_OBJC_ROOT_CLASS = YES_ERROR;
				CLANG_WARN_QUOTED_INCLUDE_IN_FRAMEWORK_HEADER = YES;
				CLANG_WARN_RANGE_LOOP_ANALYSIS = YES;
				CLANG_WARN_STRICT_PROTOTYPES = YES;
				CLANG_WARN_SUSPICIOUS_MOVE = YES;
				CLANG_WARN_UNGUARDED_AVAILABILITY = YES_AGGRESSIVE;
				CLANG_WARN_UNREACHABLE_CODE = YES;
				CLANG_WARN__DUPLICATE_METHOD_MATCH = YES;
				COPY_PHASE_STRIP = NO;
				DEBUG_INFORMATION_FORMAT = dwarf;
				ENABLE_STRICT_OBJC_MSGSEND = YES;
				ENABLE_TESTABILITY = YES;
				GCC_C_LANGUAGE_STANDARD = gnu11;
				GCC_DYNAMIC_NO_PIC = NO;
				GCC_NO_COMMON_BLOCKS = YES;
				GCC_OPTIMIZATION_LEVEL = 0;
				GCC_PREPROCESSOR_DEFINITIONS = (
					"DEBUG=1",
					"$(inherited)",
				);
				GCC_WARN_64_TO_32_BIT_CONVERSION = YES;
				GCC_WARN_ABOUT_RETURN_TYPE = YES_ERROR;
				GCC_WARN_UNDECLARED_SELECTOR = YES;
				GCC_WARN_UNINITIALIZED_AUTOS = YES_AGGRESSIVE;
				GCC_WARN_UNUSED_FUNCTION = YES;
				GCC_WARN_UNUSED_VARIABLE = YES;
				IPHONEOS_DEPLOYMENT_TARGET = 14.4;
				MTL_ENABLE_DEBUG_INFO = INCLUDE_SOURCE;
				MTL_FAST_MATH = YES;
				ONLY_ACTIVE_ARCH = YES;
				SDKROOT = iphoneos;
				SWIFT_ACTIVE_COMPILATION_CONDITIONS = DEBUG;
				SWIFT_OPTIMIZATION_LEVEL = "-Onone";
			};
			name = Debug;
		};
		CB91DD25262ADAEA0062519C /* Release */ = {
			isa = XCBuildConfiguration;
			buildSettings = {
				ALWAYS_SEARCH_USER_PATHS = NO;
				CLANG_ANALYZER_NONNULL = YES;
				CLANG_ANALYZER_NUMBER_OBJECT_CONVERSION = YES_AGGRESSIVE;
				CLANG_CXX_LANGUAGE_STANDARD = "gnu++14";
				CLANG_CXX_LIBRARY = "libc++";
				CLANG_ENABLE_MODULES = YES;
				CLANG_ENABLE_OBJC_ARC = YES;
				CLANG_ENABLE_OBJC_WEAK = YES;
				CLANG_WARN_BLOCK_CAPTURE_AUTORELEASING = YES;
				CLANG_WARN_BOOL_CONVERSION = YES;
				CLANG_WARN_COMMA = YES;
				CLANG_WARN_CONSTANT_CONVERSION = YES;
				CLANG_WARN_DEPRECATED_OBJC_IMPLEMENTATIONS = YES;
				CLANG_WARN_DIRECT_OBJC_ISA_USAGE = YES_ERROR;
				CLANG_WARN_DOCUMENTATION_COMMENTS = YES;
				CLANG_WARN_EMPTY_BODY = YES;
				CLANG_WARN_ENUM_CONVERSION = YES;
				CLANG_WARN_INFINITE_RECURSION = YES;
				CLANG_WARN_INT_CONVERSION = YES;
				CLANG_WARN_NON_LITERAL_NULL_CONVERSION = YES;
				CLANG_WARN_OBJC_IMPLICIT_RETAIN_SELF = YES;
				CLANG_WARN_OBJC_LITERAL_CONVERSION = YES;
				CLANG_WARN_OBJC_ROOT_CLASS = YES_ERROR;
				CLANG_WARN_QUOTED_INCLUDE_IN_FRAMEWORK_HEADER = YES;
				CLANG_WARN_RANGE_LOOP_ANALYSIS = YES;
				CLANG_WARN_STRICT_PROTOTYPES = YES;
				CLANG_WARN_SUSPICIOUS_MOVE = YES;
				CLANG_WARN_UNGUARDED_AVAILABILITY = YES_AGGRESSIVE;
				CLANG_WARN_UNREACHABLE_CODE = YES;
				CLANG_WARN__DUPLICATE_METHOD_MATCH = YES;
				COPY_PHASE_STRIP = NO;
				DEBUG_INFORMATION_FORMAT = "dwarf-with-dsym";
				ENABLE_NS_ASSERTIONS = NO;
				ENABLE_STRICT_OBJC_MSGSEND = YES;
				GCC_C_LANGUAGE_STANDARD = gnu11;
				GCC_NO_COMMON_BLOCKS = YES;
				GCC_WARN_64_TO_32_BIT_CONVERSION = YES;
				GCC_WARN_ABOUT_RETURN_TYPE = YES_ERROR;
				GCC_WARN_UNDECLARED_SELECTOR = YES;
				GCC_WARN_UNINITIALIZED_AUTOS = YES_AGGRESSIVE;
				GCC_WARN_UNUSED_FUNCTION = YES;
				GCC_WARN_UNUSED_VARIABLE = YES;
				IPHONEOS_DEPLOYMENT_TARGET = 14.4;
				MTL_ENABLE_DEBUG_INFO = NO;
				MTL_FAST_MATH = YES;
				SDKROOT = iphoneos;
				SWIFT_COMPILATION_MODE = wholemodule;
				SWIFT_OPTIMIZATION_LEVEL = "-O";
				VALIDATE_PRODUCT = YES;
			};
			name = Release;
		};
		CB91DD27262ADAEA0062519C /* Debug */ = {
			isa = XCBuildConfiguration;
			buildSettings = {
				ASSETCATALOG_COMPILER_APPICON_NAME = AppIcon;
				ASSETCATALOG_COMPILER_GLOBAL_ACCENT_COLOR_NAME = AccentColor;
				CODE_SIGN_STYLE = Automatic;
				DEVELOPMENT_TEAM = 6R745W9P4G;
				INFOPLIST_FILE = TableViews/Info.plist;
				LD_RUNPATH_SEARCH_PATHS = (
					"$(inherited)",
					"@executable_path/Frameworks",
				);
				PRODUCT_BUNDLE_IDENTIFIER = fredrickosuala.TableViews;
				PRODUCT_NAME = "$(TARGET_NAME)";
				SWIFT_VERSION = 5.0;
				TARGETED_DEVICE_FAMILY = "1,2";
			};
			name = Debug;
		};
		CB91DD28262ADAEA0062519C /* Release */ = {
			isa = XCBuildConfiguration;
			buildSettings = {
				ASSETCATALOG_COMPILER_APPICON_NAME = AppIcon;
				ASSETCATALOG_COMPILER_GLOBAL_ACCENT_COLOR_NAME = AccentColor;
				CODE_SIGN_STYLE = Automatic;
				DEVELOPMENT_TEAM = 6R745W9P4G;
				INFOPLIST_FILE = TableViews/Info.plist;
				LD_RUNPATH_SEARCH_PATHS = (
					"$(inherited)",
					"@executable_path/Frameworks",
				);
				PRODUCT_BUNDLE_IDENTIFIER = fredrickosuala.TableViews;
				PRODUCT_NAME = "$(TARGET_NAME)";
				SWIFT_VERSION = 5.0;
				TARGETED_DEVICE_FAMILY = "1,2";
			};
			name = Release;
		};
/* End XCBuildConfiguration section */

/* Begin XCConfigurationList section */
		CB91DD0D262ADAE90062519C /* Build configuration list for PBXProject "TableViews" */ = {
			isa = XCConfigurationList;
			buildConfigurations = (
				CB91DD24262ADAEA0062519C /* Debug */,
				CB91DD25262ADAEA0062519C /* Release */,
			);
			defaultConfigurationIsVisible = 0;
			defaultConfigurationName = Release;
		};
		CB91DD26262ADAEA0062519C /* Build configuration list for PBXNativeTarget "TableViews" */ = {
			isa = XCConfigurationList;
			buildConfigurations = (
				CB91DD27262ADAEA0062519C /* Debug */,
				CB91DD28262ADAEA0062519C /* Release */,
			);
			defaultConfigurationIsVisible = 0;
			defaultConfigurationName = Release;
		};
/* End XCConfigurationList section */
	};
	rootObject = CB91DD0A262ADAE90062519C /* Project object */;
}
